<Solution>
  <Configurations>
    <Platform Name="ARM64" />
    <Platform Name="x64" />
    <Platform Name="x86" />
  </Configurations>
  <Project Path="../BlueSapphire.Builder/BlueSapphire.Builder.csproj" Id="cc7addd5-d161-4281-92fd-96de0235c0ed" />
  <Project Path="BlueSapphire.csproj">
    <Platform Solution="*|ARM64" Project="ARM64" />
    <Platform Solution="*|x64" Project="x64" />
    <Platform Solution="*|x86" Project="x86" />
    <Deploy />
  </Project>
</Solution>
